
Microsoft Visual Studio Solution File, Format Version 12.00
# Visual Studio Version 17
VisualStudioVersion = 17.7.34031.279
MinimumVisualStudioVersion = 10.0.40219.1
Project("{FAE04EC0-301F-11D3-BF4B-00C04F79EFBC}") = "VerifyEmail&ForgotPassword", "VerifyEmail&ForgotPassword\VerifyEmail&ForgotPassword.csproj", "{9124283B-FF70-4110-84A8-6718BAD6A8C4}"
EndProject
Global
	GlobalSection(SolutionConfigurationPlatforms) = preSolution
		Debug|Any CPU = Debug|Any CPU
		Release|Any CPU = Release|Any CPU
	EndGlobalSection
	GlobalSection(ProjectConfigurationPlatforms) = postSolution
		{9124283B-FF70-4110-84A8-6718BAD6A8C4}.Debug|Any CPU.ActiveCfg = Debug|Any CPU
		{9124283B-FF70-4110-84A8-6718BAD6A8C4}.Debug|Any CPU.Build.0 = Debug|Any CPU
		{9124283B-FF70-4110-84A8-6718BAD6A8C4}.Release|Any CPU.ActiveCfg = Release|Any CPU
		{9124283B-FF70-4110-84A8-6718BAD6A8C4}.Release|Any CPU.Build.0 = Release|Any CPU
	EndGlobalSection
	GlobalSection(SolutionProperties) = preSolution
		HideSolutionNode = FALSE
	EndGlobalSection
	GlobalSection(ExtensibilityGlobals) = postSolution
		SolutionGuid = {25DDDE6E-6B67-44C5-A1A4-E566885C87F6}
	EndGlobalSection
EndGlobal
